
Microsoft Visual Studio Solution File, Format Version 12.00
# Visual Studio Version 16
VisualStudioVersion = 16.0.29025.244
MinimumVisualStudioVersion = 10.0.40219.1
Project("{FAE04EC0-301F-11D3-BF4B-00C04F79EFBC}") = "FizzBuzz", "FizzBuzz\FizzBuzz.csproj", "{B7D4B27E-A031-454C-B9BF-0484BE0C848A}"
EndProject
Global
	GlobalSection(SolutionConfigurationPlatforms) = preSolution
		Debug|Any CPU = Debug|Any CPU
		Release|Any CPU = Release|Any CPU
	EndGlobalSection
	GlobalSection(ProjectConfigurationPlatforms) = postSolution
		{B7D4B27E-A031-454C-B9BF-0484BE0C848A}.Debug|Any CPU.ActiveCfg = Debug|Any CPU
		{B7D4B27E-A031-454C-B9BF-0484BE0C848A}.Debug|Any CPU.Build.0 = Debug|Any CPU
		{B7D4B27E-A031-454C-B9BF-0484BE0C848A}.Release|Any CPU.ActiveCfg = Release|Any CPU
		{B7D4B27E-A031-454C-B9BF-0484BE0C848A}.Release|Any CPU.Build.0 = Release|Any CPU
	EndGlobalSection
	GlobalSection(SolutionProperties) = preSolution
		HideSolutionNode = FALSE
	EndGlobalSection
	GlobalSection(ExtensibilityGlobals) = postSolution
		SolutionGuid = {0BFC3E87-2B45-435F-92E6-6084D0E1AD99}
	EndGlobalSection
EndGlobal
