
Microsoft Visual Studio Solution File, Format Version 12.00
# Visual Studio 15
VisualStudioVersion = 15.0.27130.2036
MinimumVisualStudioVersion = 10.0.40219.1
Project("{FAE04EC0-301F-11D3-BF4B-00C04F79EFBC}") = "HackerRank", "HackerRank\HackerRank.csproj", "{DF1C5350-5925-417D-A2A7-D5B90FE718C9}"
EndProject
Project("{FAE04EC0-301F-11D3-BF4B-00C04F79EFBC}") = "HackerRank.Tests", "HackerRank.Tests\HackerRank.Tests.csproj", "{E69F1218-E60B-46F2-A2DE-35C5978E290A}"
EndProject
Project("{FAE04EC0-301F-11D3-BF4B-00C04F79EFBC}") = "CurrentProblemFinalTests", "CurrentProblemFinalTests\CurrentProblemFinalTests.csproj", "{50E18267-E8A2-4EB0-B280-18EAC558AC43}"
EndProject
Global
	GlobalSection(SolutionConfigurationPlatforms) = preSolution
		Debug|Any CPU = Debug|Any CPU
		Release|Any CPU = Release|Any CPU
	EndGlobalSection
	GlobalSection(ProjectConfigurationPlatforms) = postSolution
		{DF1C5350-5925-417D-A2A7-D5B90FE718C9}.Debug|Any CPU.ActiveCfg = Debug|Any CPU
		{DF1C5350-5925-417D-A2A7-D5B90FE718C9}.Debug|Any CPU.Build.0 = Debug|Any CPU
		{DF1C5350-5925-417D-A2A7-D5B90FE718C9}.Release|Any CPU.ActiveCfg = Release|Any CPU
		{DF1C5350-5925-417D-A2A7-D5B90FE718C9}.Release|Any CPU.Build.0 = Release|Any CPU
		{E69F1218-E60B-46F2-A2DE-35C5978E290A}.Debug|Any CPU.ActiveCfg = Debug|Any CPU
		{E69F1218-E60B-46F2-A2DE-35C5978E290A}.Debug|Any CPU.Build.0 = Debug|Any CPU
		{E69F1218-E60B-46F2-A2DE-35C5978E290A}.Release|Any CPU.ActiveCfg = Release|Any CPU
		{E69F1218-E60B-46F2-A2DE-35C5978E290A}.Release|Any CPU.Build.0 = Release|Any CPU
		{50E18267-E8A2-4EB0-B280-18EAC558AC43}.Debug|Any CPU.ActiveCfg = Debug|Any CPU
		{50E18267-E8A2-4EB0-B280-18EAC558AC43}.Debug|Any CPU.Build.0 = Debug|Any CPU
		{50E18267-E8A2-4EB0-B280-18EAC558AC43}.Release|Any CPU.ActiveCfg = Release|Any CPU
		{50E18267-E8A2-4EB0-B280-18EAC558AC43}.Release|Any CPU.Build.0 = Release|Any CPU
	EndGlobalSection
	GlobalSection(SolutionProperties) = preSolution
		HideSolutionNode = FALSE
	EndGlobalSection
	GlobalSection(ExtensibilityGlobals) = postSolution
		SolutionGuid = {86C17019-F266-4533-8E56-280F3EEF1C4F}
	EndGlobalSection
EndGlobal
