
Microsoft Visual Studio Solution File, Format Version 12.00
# Visual Studio Version 16
VisualStudioVersion = 16.0.29926.136
MinimumVisualStudioVersion = 10.0.40219.1
Project("{FAE04EC0-301F-11D3-BF4B-00C04F79EFBC}") = "BalancedBrackets", "BalancedBrackets\BalancedBrackets.csproj", "{04C60BCF-15FB-49DB-BD21-307C01C9BC1E}"
EndProject
Global
	GlobalSection(SolutionConfigurationPlatforms) = preSolution
		Debug|Any CPU = Debug|Any CPU
		Release|Any CPU = Release|Any CPU
	EndGlobalSection
	GlobalSection(ProjectConfigurationPlatforms) = postSolution
		{04C60BCF-15FB-49DB-BD21-307C01C9BC1E}.Debug|Any CPU.ActiveCfg = Debug|Any CPU
		{04C60BCF-15FB-49DB-BD21-307C01C9BC1E}.Debug|Any CPU.Build.0 = Debug|Any CPU
		{04C60BCF-15FB-49DB-BD21-307C01C9BC1E}.Release|Any CPU.ActiveCfg = Release|Any CPU
		{04C60BCF-15FB-49DB-BD21-307C01C9BC1E}.Release|Any CPU.Build.0 = Release|Any CPU
	EndGlobalSection
	GlobalSection(SolutionProperties) = preSolution
		HideSolutionNode = FALSE
	EndGlobalSection
	GlobalSection(ExtensibilityGlobals) = postSolution
		SolutionGuid = {74D7408A-8F98-4CE5-87EC-6BB6DCCA815F}
	EndGlobalSection
EndGlobal
